
Microsoft Visual Studio Solution File, Format Version 12.00
# Visual Studio Version 16
VisualStudioVersion = 16.0.31729.503
MinimumVisualStudioVersion = 10.0.40219.1
Project("{9A19103F-16F7-4668-BE54-9A1E7A4F7556}") = "CustomerService.Api", "src\CustomerService.Api\CustomerService.Api.csproj", "{ADAFAA9A-FCC6-4594-87B6-81AAFF403851}"
	ProjectSection(ProjectDependencies) = postProject
		{550219B3-0B10-4979-A4C0-182AA79C343D} = {550219B3-0B10-4979-A4C0-182AA79C343D}
	EndProjectSection
EndProject
Project("{2150E333-8FDC-42A3-9474-1A3956D46DE8}") = "src", "src", "{7F4B727A-897A-4386-ADF5-FB89AB5B596E}"
EndProject
Project("{9A19103F-16F7-4668-BE54-9A1E7A4F7556}") = "CustomerService.Core", "src\CustomerService.Core\CustomerService.Core.csproj", "{550219B3-0B10-4979-A4C0-182AA79C343D}"
EndProject
Global
	GlobalSection(SolutionConfigurationPlatforms) = preSolution
		Debug|Any CPU = Debug|Any CPU
		Release|Any CPU = Release|Any CPU
	EndGlobalSection
	GlobalSection(ProjectConfigurationPlatforms) = postSolution
		{ADAFAA9A-FCC6-4594-87B6-81AAFF403851}.Debug|Any CPU.ActiveCfg = Debug|Any CPU
		{ADAFAA9A-FCC6-4594-87B6-81AAFF403851}.Debug|Any CPU.Build.0 = Debug|Any CPU
		{ADAFAA9A-FCC6-4594-87B6-81AAFF403851}.Release|Any CPU.ActiveCfg = Release|Any CPU
		{ADAFAA9A-FCC6-4594-87B6-81AAFF403851}.Release|Any CPU.Build.0 = Release|Any CPU
		{550219B3-0B10-4979-A4C0-182AA79C343D}.Debug|Any CPU.ActiveCfg = Debug|Any CPU
		{550219B3-0B10-4979-A4C0-182AA79C343D}.Debug|Any CPU.Build.0 = Debug|Any CPU
		{550219B3-0B10-4979-A4C0-182AA79C343D}.Release|Any CPU.ActiveCfg = Release|Any CPU
		{550219B3-0B10-4979-A4C0-182AA79C343D}.Release|Any CPU.Build.0 = Release|Any CPU
	EndGlobalSection
	GlobalSection(SolutionProperties) = preSolution
		HideSolutionNode = FALSE
	EndGlobalSection
	GlobalSection(NestedProjects) = preSolution
		{ADAFAA9A-FCC6-4594-87B6-81AAFF403851} = {7F4B727A-897A-4386-ADF5-FB89AB5B596E}
		{550219B3-0B10-4979-A4C0-182AA79C343D} = {7F4B727A-897A-4386-ADF5-FB89AB5B596E}
	EndGlobalSection
	GlobalSection(ExtensibilityGlobals) = postSolution
		SolutionGuid = {96568144-30D0-4FC3-9ADA-67797F86A42F}
	EndGlobalSection
EndGlobal
